# THIS IS AN AUTOGENERATED FILE. DO NOT EDIT THIS FILE DIRECTLY.
# yarn lockfile v1


"@assemblyscript/loader@^0.17.12":
  version "0.17.12"
  resolved "https://registry.yarnpkg.com/@assemblyscript/loader/-/loader-0.17.12.tgz#7e77abd2951d05ea2918708cd87b34142c5e0f35"
  integrity sha512-k5PBpW4KCvzAj7QceWx4tWmVdJlS6pSI/eeuthCLTer8R8zyDNFVL8zXqZwuBh5IA+EH1EWD4pQqY9isLoJZGw==

assemblyscript@^0.17.12:
  version "0.17.12"
  resolved "https://registry.yarnpkg.com/assemblyscript/-/assemblyscript-0.17.12.tgz#ba3a1080a69b7a665fc384bd4814bdbeb15a263c"
  integrity sha512-rOQTWLYcpjyTE4/p9FSF6tBWpA+QRhtIm27HgiiCbQt2R2UtCHnin/2exidfG4jYT5kN33fC4jj3VbeswtDdlA==
  dependencies:
    binaryen "98.0.0-nightly.20201109"
    long "^4.0.0"

binaryen@98.0.0-nightly.20201109:
  version "98.0.0-nightly.20201109"
  resolved "https://registry.yarnpkg.com/binaryen/-/binaryen-98.0.0-nightly.20201109.tgz#512bf6ca15c67bf7402144734a4836e63993aa05"
  integrity sha512-iRarAqdH5lMWlMBzrDuJgLYJR2g4QXk93iYE2zpr6gEZkb/jCgDpPUXdhuN11Ge1zZ/6By4DwA1mmifcx7FWaw==

long@^4.0.0:
  version "4.0.0"
  resolved "https://registry.yarnpkg.com/long/-/long-4.0.0.tgz#9a7b71cfb7d361a194ea555241c92f7468d5bf28"
  integrity sha512-XsP+KhQif4bjX1kbuSiySJFNAehNxgLb6hPRGJ9QsUr8ajHkuXGdrHmFUTUUXhDwVX2R5bY4JNZEwbUiMhV+MA==
